<?xml version="1.0" encoding="utf-8"?>
<Project ToolsVersion="4.0" xmlns="http://schemas.microsoft.com/developer/msbuild/2003">
  <ItemGroup>
    <Filter Include="Library files">
      <UniqueIdentifier>{93995380-89BD-4b04-88EB-625FBE52EBFB}</UniqueIdentifier>
      <Extensions>h;hh;hpp;hxx;h++;hm;inl;inc;ipp;xsd</Extensions>
    </Filter>
    <Filter Include="Resource">
      <UniqueIdentifier>{67DA6AB6-F800-4c08-8B7A-83BB121AAD01}</UniqueIdentifier>
      <Extensions>rc;ico;cur;bmp;dlg;rc2;rct;bin;rgs;gif;jpg;jpeg;jpe;resx;tiff;tif;png;wav;mfcribbon-ms</Extensions>
    </Filter>
    <Filter Include="Resource\Shaders">
      <UniqueIdentifier>{bc4ebad5-d4ea-4648-a9ff-dbfaf3b61f07}</UniqueIdentifier>
    </Filter>
    <Filter Include="Resource\Texture">
      <UniqueIdentifier>{c98d870b-0692-4a5d-9a58-ddd253af0495}</UniqueIdentifier>
    </Filter>
    <Filter Include="Source files">
      <UniqueIdentifier>{4FC737F1-C7A5-4376-A066-2A32D752A2FF}</UniqueIdentifier>
      <Extensions>cpp;c;cc;cxx;c++;def;odl;idl;hpj;bat;asm;asmx</Extensions>
    </Filter>
    <Filter Include="Source files\Window">
      <UniqueIdentifier>{1ae68cd3-ebd3-4125-ade8-8849515c61fe}</UniqueIdentifier>
    </Filter>
    <Filter Include="Source files\Render">
      <UniqueIdentifier>{e10b1908-bf16-43bc-9800-7bef2f6c47d4}</UniqueIdentifier>
    </Filter>
    <Filter Include="Source files\Render\Camera">
      <UniqueIdentifier>{fe1585de-15b2-4748-aab3-9016e7280169}</UniqueIdentifier>
    </Filter>
    <Filter Include="Source files\Render\Light">
      <UniqueIdentifier>{6723d414-7d1b-486f-94a9-998e53cde6f2}</UniqueIdentifier>
    </Filter>
    <Filter Include="Source files\Render\Shader">
      <UniqueIdentifier>{47b85efa-bc9e-40b0-bc41-4ba497e1652c}</UniqueIdentifier>
    </Filter>
    <Filter Include="Source files\Render\Texture">
      <UniqueIdentifier>{ca88648a-7580-4c3f-8ab9-daa5491b4b11}</UniqueIdentifier>
    </Filter>
    <Filter Include="Source files\Serialize">
      <UniqueIdentifier>{0aff6001-af21-44bd-8556-c3fae3a2cd55}</UniqueIdentifier>
    </Filter>
    <Filter Include="Source files\Serialize\Image">
      <UniqueIdentifier>{9d2c4a95-7322-4ecf-a875-514c761e2544}</UniqueIdentifier>
    </Filter>
    <Filter Include="Source files\Common">
      <UniqueIdentifier>{e5bbd17f-3a22-49e4-9017-bc63d5e42fe9}</UniqueIdentifier>
    </Filter>
    <Filter Include="Source files\UI">
      <UniqueIdentifier>{40e44297-0114-4725-bdef-f30dae96788d}</UniqueIdentifier>
    </Filter>
    <Filter Include="Source files\Input">
      <UniqueIdentifier>{7edaac7a-375e-4fc0-938f-9a8f5ca5f130}</UniqueIdentifier>
    </Filter>
    <Filter Include="Source files\Render\Legacy">
      <UniqueIdentifier>{2777d811-eb9c-4e60-bcd0-9e6ddf583b11}</UniqueIdentifier>
    </Filter>
    <Filter Include="Source files\Scene">
      <UniqueIdentifier>{0d4154c9-d2a3-4c64-b780-7ca10f3c2121}</UniqueIdentifier>
    </Filter>
    <Filter Include="Library files\imgui">
      <UniqueIdentifier>{c25b809b-750b-4740-9e37-524797293abd}</UniqueIdentifier>
    </Filter>
    <Filter Include="Source files\GameSystem">
      <UniqueIdentifier>{8fbf73dc-ba9c-4719-84ea-08d14910d13e}</UniqueIdentifier>
    </Filter>
    <Filter Include="Source files\DebugUI">
      <UniqueIdentifier>{1f855322-edfb-46ad-8eee-9da1553aaa68}</UniqueIdentifier>
    </Filter>
    <Filter Include="Source files\Resource">
      <UniqueIdentifier>{81e99f50-9f14-43f6-9cd6-77bbc74e935b}</UniqueIdentifier>
    </Filter>
  </ItemGroup>
  <ItemGroup>
    <ClCompile Include="code\render\camera\camera.cpp">
      <Filter>Source files\Render\Camera</Filter>
    </ClCompile>
    <ClCompile Include="code\render\light\Lightmap.cpp">
      <Filter>Source files\Render\Light</Filter>
    </ClCompile>
    <ClCompile Include="code\render\light\LightSolver.cpp">
      <Filter>Source files\Render\Light</Filter>
    </ClCompile>
    <ClCompile Include="code\render\shader\shader.cpp">
      <Filter>Source files\Render\Shader</Filter>
    </ClCompile>
    <ClCompile Include="code\render\texture\texture.cpp">
      <Filter>Source files\Render\Texture</Filter>
    </ClCompile>
    <ClCompile Include="code\common\engine_assert.cpp">
      <Filter>Source files\Common</Filter>
    </ClCompile>
    <ClCompile Include="code\serialize\image_loader.cpp">
      <Filter>Source files\Serialize\Image</Filter>
    </ClCompile>
    <ClCompile Include="code\serialize\files.cpp">
      <Filter>Source files\Serialize</Filter>
    </ClCompile>
    <ClCompile Include="code\ui\shape.cpp">
      <Filter>Source files\UI</Filter>
    </ClCompile>
    <ClCompile Include="code\ui\ui_system.cpp">
      <Filter>Source files\UI</Filter>
    </ClCompile>
    <ClCompile Include="code\windows\window.cpp">
      <Filter>Source files\Window</Filter>
    </ClCompile>
    <ClCompile Include="code\input\inp_input_manager.cpp">
      <Filter>Source files\Input</Filter>
    </ClCompile>
    <ClCompile Include="include\glad.c">
      <Filter>Library files</Filter>
    </ClCompile>
    <ClCompile Include="code\ui\bitmap.cpp">
      <Filter>Source files\UI</Filter>
    </ClCompile>
    <ClCompile Include="code\scene\cude.cpp">
      <Filter>Source files\Scene</Filter>
    </ClCompile>
    <ClCompile Include="code\common\engine_log.cpp">
      <Filter>Source files\Common</Filter>
    </ClCompile>
    <ClCompile Include="code\common\open_gl_specific.cpp">
      <Filter>Source files\Common</Filter>
    </ClCompile>
    <ClCompile Include="include\imgui\imgui.cpp">
      <Filter>Library files\imgui</Filter>
    </ClCompile>
    <ClCompile Include="include\imgui\imgui_demo.cpp">
      <Filter>Library files\imgui</Filter>
    </ClCompile>
    <ClCompile Include="include\imgui\imgui_draw.cpp">
      <Filter>Library files\imgui</Filter>
    </ClCompile>
    <ClCompile Include="include\imgui\imgui_impl_glfw.cpp">
      <Filter>Library files\imgui</Filter>
    </ClCompile>
    <ClCompile Include="include\imgui\imgui_impl_opengl3.cpp">
      <Filter>Library files\imgui</Filter>
    </ClCompile>
    <ClCompile Include="include\imgui\imgui_tables.cpp">
      <Filter>Library files\imgui</Filter>
    </ClCompile>
    <ClCompile Include="include\imgui\imgui_widgets.cpp">
      <Filter>Library files\imgui</Filter>
    </ClCompile>
    <ClCompile Include="code\game_system\game_system.cpp">
      <Filter>Source files\GameSystem</Filter>
    </ClCompile>
    <ClCompile Include="code\debug_ui\debug_ui_init.cpp">
      <Filter>Source files\DebugUI</Filter>
    </ClCompile>
    <ClCompile Include="code\windows\window_system.cpp">
      <Filter>Source files\Window</Filter>
    </ClCompile>
    <ClCompile Include="code\scene\model.cpp">
      <Filter>Source files\Scene</Filter>
    </ClCompile>
    <ClCompile Include="code\scene\mesh.cpp">
      <Filter>Source files\Scene</Filter>
    </ClCompile>
    <ClCompile Include="code\debug_ui\debug_ui_system.cpp">
      <Filter>Source files\DebugUI</Filter>
    </ClCompile>
    <ClCompile Include="code\input\inp_mouse_device.cpp">
      <Filter>Source files\Input</Filter>
    </ClCompile>
    <ClCompile Include="code\input\inp_keyboard_device.cpp">
      <Filter>Source files\Input</Filter>
    </ClCompile>
    <ClCompile Include="code\input\inp_input_system.cpp">
      <Filter>Source files\Input</Filter>
    </ClCompile>
    <ClCompile Include="code\input\inp_input_actions.cpp">
      <Filter>Source files\Input</Filter>
    </ClCompile>
    <ClCompile Include="code\input\inp_input_init.cpp">
      <Filter>Source files\Input</Filter>
    </ClCompile>
    <ClCompile Include="code\windows\wnd_windows_init.cpp">
      <Filter>Source files\Window</Filter>
    </ClCompile>
    <ClCompile Include="code\game_system\gs_game_init.cpp">
      <Filter>Source files\GameSystem</Filter>
    </ClCompile>
    <ClCompile Include="code\debug_ui\debug_ui_menu_layer.cpp">
      <Filter>Source files\DebugUI</Filter>
    </ClCompile>
    <ClCompile Include="main.cpp">
      <Filter>Source files</Filter>
    </ClCompile>
    <ClCompile Include="code\application\application.cpp">
      <Filter>Source files</Filter>
    </ClCompile>
    <ClCompile Include="code\application\components_init.cpp">
      <Filter>Source files</Filter>
    </ClCompile>
    <ClCompile Include="code\resource\res_resource_system.cpp">
      <Filter>Source files\Resource</Filter>
    </ClCompile>
    <ClCompile Include="code\resource\res_resource_texture.cpp">
      <Filter>Source files\Resource</Filter>
    </ClCompile>
    <ClCompile Include="code\resource\res_resource_init.cpp">
      <Filter>Source files\Resource</Filter>
    </ClCompile>
    <ClCompile Include="code\resource\res_resource_shader.cpp">
      <Filter>Source files\Resource</Filter>
    </ClCompile>
    <ClCompile Include="code\resource\res_resource_model.cpp">
      <Filter>Source files\Resource</Filter>
    </ClCompile>
    <ClCompile Include="code\resource\res_resource_tag.cpp">
      <Filter>Source files\Resource</Filter>
    </ClCompile>
    <ClCompile Include="code\render\texture\rnd_texture_manager.cpp">
      <Filter>Source files\Render\Texture</Filter>
    </ClCompile>
    <ClCompile Include="code\render\texture\rnd_texture.cpp">
      <Filter>Source files\Render\Texture</Filter>
    </ClCompile>
    <ClCompile Include="code\scene\sphere.cpp">
      <Filter>Source files\Scene</Filter>
    </ClCompile>
  </ItemGroup>
  <ItemGroup>
    <ClInclude Include="code\render\camera\camera.h">
      <Filter>Source files\Render\Camera</Filter>
    </ClInclude>
    <ClInclude Include="code\render\light\Lightmap.h">
      <Filter>Source files\Render\Light</Filter>
    </ClInclude>
    <ClInclude Include="code\render\light\LightSolver.h">
      <Filter>Source files\Render\Light</Filter>
    </ClInclude>
    <ClInclude Include="code\render\shader\shader.h">
      <Filter>Source files\Render\Shader</Filter>
    </ClInclude>
    <ClInclude Include="code\render\texture\texture.h">
      <Filter>Source files\Render\Texture</Filter>
    </ClInclude>
    <ClInclude Include="code\common\common.h">
      <Filter>Source files\Common</Filter>
    </ClInclude>
    <ClInclude Include="code\common\engine_assert.h">
      <Filter>Source files\Common</Filter>
    </ClInclude>
    <ClInclude Include="code\common\enums.h">
      <Filter>Source files\Common</Filter>
    </ClInclude>
    <ClInclude Include="code\serialize\image_loader.h">
      <Filter>Source files\Serialize\Image</Filter>
    </ClInclude>
    <ClInclude Include="code\ui\shape.h">
      <Filter>Source files\UI</Filter>
    </ClInclude>
    <ClInclude Include="code\ui\ui_system.h">
      <Filter>Source files\UI</Filter>
    </ClInclude>
    <ClInclude Include="code\windows\window.h">
      <Filter>Source files\Window</Filter>
    </ClInclude>
    <ClInclude Include="code\serialize\files.h">
      <Filter>Source files\Serialize</Filter>
    </ClInclude>
    <ClInclude Include="code\input\inp_input_manager.h">
      <Filter>Source files\Input</Filter>
    </ClInclude>
    <ClInclude Include="code\ui\bitmap.h">
      <Filter>Source files\UI</Filter>
    </ClInclude>
    <ClInclude Include="code\scene\cude.h">
      <Filter>Source files\Scene</Filter>
    </ClInclude>
    <ClInclude Include="code\common\engine_log.h">
      <Filter>Source files\Common</Filter>
    </ClInclude>
    <ClInclude Include="code\common\open_gl_specific.h">
      <Filter>Source files\Common</Filter>
    </ClInclude>
    <ClInclude Include="code\scene\mesh.h">
      <Filter>Source files\Scene</Filter>
    </ClInclude>
    <ClInclude Include="code\scene\model.h">
      <Filter>Source files\Scene</Filter>
    </ClInclude>
    <ClInclude Include="include\imgui\imconfig.h">
      <Filter>Library files\imgui</Filter>
    </ClInclude>
    <ClInclude Include="include\imgui\imgui.h">
      <Filter>Library files\imgui</Filter>
    </ClInclude>
    <ClInclude Include="include\imgui\imgui_impl_glfw.h">
      <Filter>Library files\imgui</Filter>
    </ClInclude>
    <ClInclude Include="include\imgui\imgui_impl_opengl3.h">
      <Filter>Library files\imgui</Filter>
    </ClInclude>
    <ClInclude Include="include\imgui\imgui_impl_opengl3_loader.h">
      <Filter>Library files\imgui</Filter>
    </ClInclude>
    <ClInclude Include="include\imgui\imgui_internal.h">
      <Filter>Library files\imgui</Filter>
    </ClInclude>
    <ClInclude Include="include\imgui\imstb_rectpack.h">
      <Filter>Library files\imgui</Filter>
    </ClInclude>
    <ClInclude Include="include\imgui\imstb_textedit.h">
      <Filter>Library files\imgui</Filter>
    </ClInclude>
    <ClInclude Include="include\imgui\imstb_truetype.h">
      <Filter>Library files\imgui</Filter>
    </ClInclude>
    <ClInclude Include="code\game_system\game_system.h">
      <Filter>Source files\GameSystem</Filter>
    </ClInclude>
    <ClInclude Include="code\debug_ui\debug_ui_init.h">
      <Filter>Source files\DebugUI</Filter>
    </ClInclude>
    <ClInclude Include="code\common\ds_store.hpp">
      <Filter>Source files\Common</Filter>
    </ClInclude>
    <ClInclude Include="code\common\ds_type_id.hpp">
      <Filter>Source files\Common</Filter>
    </ClInclude>
    <ClInclude Include="code\windows\window_system.h">
      <Filter>Source files\Window</Filter>
    </ClInclude>
    <ClInclude Include="code\debug_ui\debug_ui_system.h">
      <Filter>Source files\DebugUI</Filter>
    </ClInclude>
    <ClInclude Include="code\input\inp_input_system.h">
      <Filter>Source files\Input</Filter>
    </ClInclude>
    <ClInclude Include="code\input\inp_mouse_device.h">
      <Filter>Source files\Input</Filter>
    </ClInclude>
    <ClInclude Include="code\input\inp_keyboard_device.h">
      <Filter>Source files\Input</Filter>
    </ClInclude>
    <ClInclude Include="code\input\inp_input_actions.h">
      <Filter>Source files\Input</Filter>
    </ClInclude>
    <ClInclude Include="code\input\inp_key_enums.hpp">
      <Filter>Source files\Input</Filter>
    </ClInclude>
    <ClInclude Include="code\input\inp_input_init.h">
      <Filter>Source files\Input</Filter>
    </ClInclude>
    <ClInclude Include="code\windows\wnd_windows_init.h">
      <Filter>Source files\Window</Filter>
    </ClInclude>
    <ClInclude Include="code\game_system\gs_game_init.h">
      <Filter>Source files\GameSystem</Filter>
    </ClInclude>
    <ClInclude Include="code\common\ds_event.hpp">
      <Filter>Source files\Common</Filter>
    </ClInclude>
    <ClInclude Include="code\debug_ui\debug_ui_menu_layer.h">
      <Filter>Source files\DebugUI</Filter>
    </ClInclude>
    <ClInclude Include="code\debug_ui\debug_ui_api.h">
      <Filter>Source files\DebugUI</Filter>
    </ClInclude>
    <ClInclude Include="code\application\application.h">
      <Filter>Source files</Filter>
    </ClInclude>
    <ClInclude Include="code\application\components_init.h">
      <Filter>Source files</Filter>
    </ClInclude>
    <ClInclude Include="code\resource\res_resource_system.h">
      <Filter>Source files\Resource</Filter>
    </ClInclude>
    <ClInclude Include="code\resource\res_resource_tag.h">
      <Filter>Source files\Resource</Filter>
    </ClInclude>
    <ClInclude Include="code\resource\res_resource_base.h">
      <Filter>Source files\Resource</Filter>
    </ClInclude>
    <ClInclude Include="code\resource\res_resource_texture.h">
      <Filter>Source files\Resource</Filter>
    </ClInclude>
    <ClInclude Include="code\resource\res_resource_init.h">
      <Filter>Source files\Resource</Filter>
    </ClInclude>
    <ClInclude Include="code\resource\res_resource_shader.h">
      <Filter>Source files\Resource</Filter>
    </ClInclude>
    <ClInclude Include="code\resource\res_resource_model.h">
      <Filter>Source files\Resource</Filter>
    </ClInclude>
    <ClInclude Include="code\render\texture\rnd_texture_manager.h">
      <Filter>Source files\Render\Texture</Filter>
    </ClInclude>
    <ClInclude Include="code\render\texture\rnd_texture.h">
      <Filter>Source files\Render\Texture</Filter>
    </ClInclude>
    <ClInclude Include="code\scene\sphere.h">
      <Filter>Source files\Scene</Filter>
    </ClInclude>
  </ItemGroup>
  <ItemGroup>
    <None Include="res\crosshair.frag">
      <Filter>Resource\Shaders</Filter>
    </None>
    <None Include="res\crosshair.vert">
      <Filter>Resource\Shaders</Filter>
    </None>
    <None Include="res\lines.frag">
      <Filter>Resource\Shaders</Filter>
    </None>
    <None Include="res\lines.vert">
      <Filter>Resource\Shaders</Filter>
    </None>
    <None Include="res\main.frag">
      <Filter>Resource\Shaders</Filter>
    </None>
    <None Include="res\main.vert">
      <Filter>Resource\Shaders</Filter>
    </None>
    <None Include="res\bitmap.frag">
      <Filter>Resource\Shaders</Filter>
    </None>
    <None Include="res\bitmap.vert">
      <Filter>Resource\Shaders</Filter>
    </None>
    <None Include="res\shape.frag">
      <Filter>Resource\Shaders</Filter>
    </None>
    <None Include="res\shape.vert">
      <Filter>Resource\Shaders</Filter>
    </None>
    <None Include="res\scene.frag">
      <Filter>Resource\Shaders</Filter>
    </None>
    <None Include="res\scene.vert">
      <Filter>Resource\Shaders</Filter>
    </None>
  </ItemGroup>
  <ItemGroup>
    <Image Include="res\test.jpg">
      <Filter>Resource\Texture</Filter>
    </Image>
    <Image Include="res\block.png">
      <Filter>Resource\Texture</Filter>
    </Image>
  </ItemGroup>
</Project>