
Microsoft Visual Studio Solution File, Format Version 12.00
# Visual Studio Version 16
Project("{8BC9CEB8-8B4A-11D0-8D11-00A0C91BC942}") = "ALL_BUILD", "ALL_BUILD.vcxproj", "{738AF3DF-3D63-39B4-AFB5-79331C3857FE}"
	ProjectSection(ProjectDependencies) = postProject
		{6D70F8D7-EC05-313D-A318-9B29A880A9FC} = {6D70F8D7-EC05-313D-A318-9B29A880A9FC}
		{66674096-2CCF-3076-ABBB-868CA7FF8563} = {66674096-2CCF-3076-ABBB-868CA7FF8563}
	EndProjectSection
EndProject
Project("{8BC9CEB8-8B4A-11D0-8D11-00A0C91BC942}") = "INSTALL", "INSTALL.vcxproj", "{B43A1519-3836-359D-B1D2-7F65B27D3E3E}"
	ProjectSection(ProjectDependencies) = postProject
		{738AF3DF-3D63-39B4-AFB5-79331C3857FE} = {738AF3DF-3D63-39B4-AFB5-79331C3857FE}
		{6D70F8D7-EC05-313D-A318-9B29A880A9FC} = {6D70F8D7-EC05-313D-A318-9B29A880A9FC}
	EndProjectSection
EndProject
Project("{8BC9CEB8-8B4A-11D0-8D11-00A0C91BC942}") = "ZERO_CHECK", "..\..\\ZERO_CHECK.vcxproj", "{6D70F8D7-EC05-313D-A318-9B29A880A9FC}"
	ProjectSection(ProjectDependencies) = postProject
	EndProjectSection
EndProject
Project("{8BC9CEB8-8B4A-11D0-8D11-00A0C91BC942}") = "zlibstatic", "zlibstatic.vcxproj", "{66674096-2CCF-3076-ABBB-868CA7FF8563}"
	ProjectSection(ProjectDependencies) = postProject
		{6D70F8D7-EC05-313D-A318-9B29A880A9FC} = {6D70F8D7-EC05-313D-A318-9B29A880A9FC}
	EndProjectSection
EndProject
Global
	GlobalSection(SolutionConfigurationPlatforms) = preSolution
		Debug|x64 = Debug|x64
		Release|x64 = Release|x64
		MinSizeRel|x64 = MinSizeRel|x64
		RelWithDebInfo|x64 = RelWithDebInfo|x64
	EndGlobalSection
	GlobalSection(ProjectConfigurationPlatforms) = postSolution
		{738AF3DF-3D63-39B4-AFB5-79331C3857FE}.Debug|x64.ActiveCfg = Debug|x64
		{738AF3DF-3D63-39B4-AFB5-79331C3857FE}.Debug|x64.Build.0 = Debug|x64
		{738AF3DF-3D63-39B4-AFB5-79331C3857FE}.Release|x64.ActiveCfg = Release|x64
		{738AF3DF-3D63-39B4-AFB5-79331C3857FE}.Release|x64.Build.0 = Release|x64
		{738AF3DF-3D63-39B4-AFB5-79331C3857FE}.MinSizeRel|x64.ActiveCfg = MinSizeRel|x64
		{738AF3DF-3D63-39B4-AFB5-79331C3857FE}.MinSizeRel|x64.Build.0 = MinSizeRel|x64
		{738AF3DF-3D63-39B4-AFB5-79331C3857FE}.RelWithDebInfo|x64.ActiveCfg = RelWithDebInfo|x64
		{738AF3DF-3D63-39B4-AFB5-79331C3857FE}.RelWithDebInfo|x64.Build.0 = RelWithDebInfo|x64
		{B43A1519-3836-359D-B1D2-7F65B27D3E3E}.Debug|x64.ActiveCfg = Debug|x64
		{B43A1519-3836-359D-B1D2-7F65B27D3E3E}.Release|x64.ActiveCfg = Release|x64
		{B43A1519-3836-359D-B1D2-7F65B27D3E3E}.MinSizeRel|x64.ActiveCfg = MinSizeRel|x64
		{B43A1519-3836-359D-B1D2-7F65B27D3E3E}.RelWithDebInfo|x64.ActiveCfg = RelWithDebInfo|x64
		{6D70F8D7-EC05-313D-A318-9B29A880A9FC}.Debug|x64.ActiveCfg = Debug|x64
		{6D70F8D7-EC05-313D-A318-9B29A880A9FC}.Debug|x64.Build.0 = Debug|x64
		{6D70F8D7-EC05-313D-A318-9B29A880A9FC}.Release|x64.ActiveCfg = Release|x64
		{6D70F8D7-EC05-313D-A318-9B29A880A9FC}.Release|x64.Build.0 = Release|x64
		{6D70F8D7-EC05-313D-A318-9B29A880A9FC}.MinSizeRel|x64.ActiveCfg = MinSizeRel|x64
		{6D70F8D7-EC05-313D-A318-9B29A880A9FC}.MinSizeRel|x64.Build.0 = MinSizeRel|x64
		{6D70F8D7-EC05-313D-A318-9B29A880A9FC}.RelWithDebInfo|x64.ActiveCfg = RelWithDebInfo|x64
		{6D70F8D7-EC05-313D-A318-9B29A880A9FC}.RelWithDebInfo|x64.Build.0 = RelWithDebInfo|x64
		{66674096-2CCF-3076-ABBB-868CA7FF8563}.Debug|x64.ActiveCfg = Debug|x64
		{66674096-2CCF-3076-ABBB-868CA7FF8563}.Debug|x64.Build.0 = Debug|x64
		{66674096-2CCF-3076-ABBB-868CA7FF8563}.Release|x64.ActiveCfg = Release|x64
		{66674096-2CCF-3076-ABBB-868CA7FF8563}.Release|x64.Build.0 = Release|x64
		{66674096-2CCF-3076-ABBB-868CA7FF8563}.MinSizeRel|x64.ActiveCfg = MinSizeRel|x64
		{66674096-2CCF-3076-ABBB-868CA7FF8563}.MinSizeRel|x64.Build.0 = MinSizeRel|x64
		{66674096-2CCF-3076-ABBB-868CA7FF8563}.RelWithDebInfo|x64.ActiveCfg = RelWithDebInfo|x64
		{66674096-2CCF-3076-ABBB-868CA7FF8563}.RelWithDebInfo|x64.Build.0 = RelWithDebInfo|x64
	EndGlobalSection
	GlobalSection(ExtensibilityGlobals) = postSolution
		SolutionGuid = {033C6896-7C34-3ECD-985C-086688B0EFEA}
	EndGlobalSection
	GlobalSection(ExtensibilityAddIns) = postSolution
	EndGlobalSection
EndGlobal
